
Microsoft Visual Studio Solution File, Format Version 12.00
# Visual Studio Version 17
VisualStudioVersion = 17.1.32328.378
MinimumVisualStudioVersion = 10.0.40219.1
Project("{FAE04EC0-301F-11D3-BF4B-00C04F79EFBC}") = "WinFormsApp1", "WinFormsApp1\WinFormsApp1.csproj", "{8BA99B68-408A-4EC4-9275-44C951561A7E}"
EndProject
Global
	GlobalSection(SolutionConfigurationPlatforms) = preSolution
		Debug|Any CPU = Debug|Any CPU
		Release|Any CPU = Release|Any CPU
	EndGlobalSection
	GlobalSection(ProjectConfigurationPlatforms) = postSolution
		{8BA99B68-408A-4EC4-9275-44C951561A7E}.Debug|Any CPU.ActiveCfg = Debug|Any CPU
		{8BA99B68-408A-4EC4-9275-44C951561A7E}.Debug|Any CPU.Build.0 = Debug|Any CPU
		{8BA99B68-408A-4EC4-9275-44C951561A7E}.Release|Any CPU.ActiveCfg = Release|Any CPU
		{8BA99B68-408A-4EC4-9275-44C951561A7E}.Release|Any CPU.Build.0 = Release|Any CPU
	EndGlobalSection
	GlobalSection(SolutionProperties) = preSolution
		HideSolutionNode = FALSE
	EndGlobalSection
	GlobalSection(ExtensibilityGlobals) = postSolution
		SolutionGuid = {695E224C-E845-43A2-B7AB-5DB7D1C21738}
	EndGlobalSection
EndGlobal
